
Microsoft Visual Studio Solution File, Format Version 12.00
# Visual Studio Version 17
VisualStudioVersion = 17.8.34525.116
MinimumVisualStudioVersion = 10.0.40219.1
Project("{9A19103F-16F7-4668-BE54-9A1E7A4F7556}") = "SistemaAcademia.API", "SistemaAcademia.API\SistemaAcademia.API.csproj", "{5CF32018-9179-43D8-B8E0-E5AE8A5F0AAF}"
EndProject
Project("{FAE04EC0-301F-11D3-BF4B-00C04F79EFBC}") = "SistemaAcademia.MODEL", "SistemaAcademia.MODEL\SistemaAcademia.MODEL.csproj", "{93FB48F4-12D6-4E56-A14D-F5F52CA1345B}"
EndProject
Global
	GlobalSection(SolutionConfigurationPlatforms) = preSolution
		Debug|Any CPU = Debug|Any CPU
		Release|Any CPU = Release|Any CPU
	EndGlobalSection
	GlobalSection(ProjectConfigurationPlatforms) = postSolution
		{5CF32018-9179-43D8-B8E0-E5AE8A5F0AAF}.Debug|Any CPU.ActiveCfg = Debug|Any CPU
		{5CF32018-9179-43D8-B8E0-E5AE8A5F0AAF}.Debug|Any CPU.Build.0 = Debug|Any CPU
		{5CF32018-9179-43D8-B8E0-E5AE8A5F0AAF}.Release|Any CPU.ActiveCfg = Release|Any CPU
		{5CF32018-9179-43D8-B8E0-E5AE8A5F0AAF}.Release|Any CPU.Build.0 = Release|Any CPU
		{93FB48F4-12D6-4E56-A14D-F5F52CA1345B}.Debug|Any CPU.ActiveCfg = Debug|Any CPU
		{93FB48F4-12D6-4E56-A14D-F5F52CA1345B}.Debug|Any CPU.Build.0 = Debug|Any CPU
		{93FB48F4-12D6-4E56-A14D-F5F52CA1345B}.Release|Any CPU.ActiveCfg = Release|Any CPU
		{93FB48F4-12D6-4E56-A14D-F5F52CA1345B}.Release|Any CPU.Build.0 = Release|Any CPU
	EndGlobalSection
	GlobalSection(SolutionProperties) = preSolution
		HideSolutionNode = FALSE
	EndGlobalSection
	GlobalSection(ExtensibilityGlobals) = postSolution
		SolutionGuid = {2A8EBF78-E38B-40CF-A356-CE9F54FFAFBD}
	EndGlobalSection
EndGlobal
